// !$*UTF8*$!
{
	archiveVersion = 1;
	classes = {
	};
	objectVersion = 56;
	objects = {

/* Begin PBXBuildFile section */
		DE24CDE32B46D4D600AA5114 /* PitchCollectionViewCell.swift in Sources */ = {isa = PBXBuildFile; fileRef = DE24CDE22B46D4D600AA5114 /* PitchCollectionViewCell.swift */; };
		DE24CDE52B46F59800AA5114 /* CreatePitchViewController.swift in Sources */ = {isa = PBXBuildFile; fileRef = DE24CDE42B46F59800AA5114 /* CreatePitchViewController.swift */; };
		DE39AEBA2B3B5FF6002DCD77 /* AppDelegate.swift in Sources */ = {isa = PBXBuildFile; fileRef = DE39AEB92B3B5FF6002DCD77 /* AppDelegate.swift */; };
		DE39AEBC2B3B5FF6002DCD77 /* SceneDelegate.swift in Sources */ = {isa = PBXBuildFile; fileRef = DE39AEBB2B3B5FF6002DCD77 /* SceneDelegate.swift */; };
		DE39AEBE2B3B5FF6002DCD77 /* MainViewController.swift in Sources */ = {isa = PBXBuildFile; fileRef = DE39AEBD2B3B5FF6002DCD77 /* MainViewController.swift */; };
		DE39AEC12B3B5FF6002DCD77 /* Main.storyboard in Resources */ = {isa = PBXBuildFile; fileRef = DE39AEBF2B3B5FF6002DCD77 /* Main.storyboard */; };
		DE39AEC42B3B5FF6002DCD77 /* Football_Tactics_App.xcdatamodeld in Sources */ = {isa = PBXBuildFile; fileRef = DE39AEC22B3B5FF6002DCD77 /* Football_Tactics_App.xcdatamodeld */; };
		DE39AEC62B3B5FF9002DCD77 /* Assets.xcassets in Resources */ = {isa = PBXBuildFile; fileRef = DE39AEC52B3B5FF9002DCD77 /* Assets.xcassets */; };
		DE39AEC92B3B5FF9002DCD77 /* LaunchScreen.storyboard in Resources */ = {isa = PBXBuildFile; fileRef = DE39AEC72B3B5FF9002DCD77 /* LaunchScreen.storyboard */; };
		DE49A4C62B554F3200E63E20 /* Tactic.swift in Sources */ = {isa = PBXBuildFile; fileRef = DE49A4C52B554F3200E63E20 /* Tactic.swift */; };
		DE997BD62B46CB56007C0654 /* Character.swift in Sources */ = {isa = PBXBuildFile; fileRef = DE997BD52B46CB56007C0654 /* Character.swift */; };
		DE997BD92B46CF92007C0654 /* Alerts.swift in Sources */ = {isa = PBXBuildFile; fileRef = DE997BD82B46CF92007C0654 /* Alerts.swift */; };
		DEA09B8B2B3D6E040070A374 /* SliderExtension.swift in Sources */ = {isa = PBXBuildFile; fileRef = DEA09B8A2B3D6E040070A374 /* SliderExtension.swift */; };
		DEA676232B3C5B100060FC83 /* CharacterDetailViewController.swift in Sources */ = {isa = PBXBuildFile; fileRef = DEA676222B3C5B100060FC83 /* CharacterDetailViewController.swift */; };
		DEAC5E142B4463B000EEA1CA /* CustomLayout.swift in Sources */ = {isa = PBXBuildFile; fileRef = DEAC5E132B4463B000EEA1CA /* CustomLayout.swift */; };
/* End PBXBuildFile section */

/* Begin PBXFileReference section */
		DE24CDE22B46D4D600AA5114 /* PitchCollectionViewCell.swift */ = {isa = PBXFileReference; lastKnownFileType = sourcecode.swift; path = PitchCollectionViewCell.swift; sourceTree = "<group>"; };
		DE24CDE42B46F59800AA5114 /* CreatePitchViewController.swift */ = {isa = PBXFileReference; lastKnownFileType = sourcecode.swift; path = CreatePitchViewController.swift; sourceTree = "<group>"; };
		DE39AEB62B3B5FF6002DCD77 /* Football Tactics App.app */ = {isa = PBXFileReference; explicitFileType = wrapper.application; includeInIndex = 0; path = "Football Tactics App.app"; sourceTree = BUILT_PRODUCTS_DIR; };
		DE39AEB92B3B5FF6002DCD77 /* AppDelegate.swift */ = {isa = PBXFileReference; lastKnownFileType = sourcecode.swift; path = AppDelegate.swift; sourceTree = "<group>"; };
		DE39AEBB2B3B5FF6002DCD77 /* SceneDelegate.swift */ = {isa = PBXFileReference; lastKnownFileType = sourcecode.swift; path = SceneDelegate.swift; sourceTree = "<group>"; };
		DE39AEBD2B3B5FF6002DCD77 /* MainViewController.swift */ = {isa = PBXFileReference; lastKnownFileType = sourcecode.swift; path = MainViewController.swift; sourceTree = "<group>"; };
		DE39AEC02B3B5FF6002DCD77 /* Base */ = {isa = PBXFileReference; lastKnownFileType = file.storyboard; name = Base; path = Base.lproj/Main.storyboard; sourceTree = "<group>"; };
		DE39AEC32B3B5FF6002DCD77 /* Football_Tactics_App.xcdatamodel */ = {isa = PBXFileReference; lastKnownFileType = wrapper.xcdatamodel; path = Football_Tactics_App.xcdatamodel; sourceTree = "<group>"; };
		DE39AEC52B3B5FF9002DCD77 /* Assets.xcassets */ = {isa = PBXFileReference; lastKnownFileType = folder.assetcatalog; path = Assets.xcassets; sourceTree = "<group>"; };
		DE39AEC82B3B5FF9002DCD77 /* Base */ = {isa = PBXFileReference; lastKnownFileType = file.storyboard; name = Base; path = Base.lproj/LaunchScreen.storyboard; sourceTree = "<group>"; };
		DE39AECA2B3B5FF9002DCD77 /* Info.plist */ = {isa = PBXFileReference; lastKnownFileType = text.plist.xml; path = Info.plist; sourceTree = "<group>"; };
		DE49A4C52B554F3200E63E20 /* Tactic.swift */ = {isa = PBXFileReference; lastKnownFileType = sourcecode.swift; path = Tactic.swift; sourceTree = "<group>"; };
		DE997BD52B46CB56007C0654 /* Character.swift */ = {isa = PBXFileReference; lastKnownFileType = sourcecode.swift; path = Character.swift; sourceTree = "<group>"; };
		DE997BD82B46CF92007C0654 /* Alerts.swift */ = {isa = PBXFileReference; lastKnownFileType = sourcecode.swift; path = Alerts.swift; sourceTree = "<group>"; };
		DEA09B8A2B3D6E040070A374 /* SliderExtension.swift */ = {isa = PBXFileReference; lastKnownFileType = sourcecode.swift; path = SliderExtension.swift; sourceTree = "<group>"; };
		DEA676222B3C5B100060FC83 /* CharacterDetailViewController.swift */ = {isa = PBXFileReference; lastKnownFileType = sourcecode.swift; path = CharacterDetailViewController.swift; sourceTree = "<group>"; };
		DEAC5E132B4463B000EEA1CA /* CustomLayout.swift */ = {isa = PBXFileReference; lastKnownFileType = sourcecode.swift; path = CustomLayout.swift; sourceTree = "<group>"; };
/* End PBXFileReference section */

/* Begin PBXFrameworksBuildPhase section */
		DE39AEB32B3B5FF6002DCD77 /* Frameworks */ = {
			isa = PBXFrameworksBuildPhase;
			buildActionMask = 2147483647;
			files = (
			);
			runOnlyForDeploymentPostprocessing = 0;
		};
/* End PBXFrameworksBuildPhase section */

/* Begin PBXGroup section */
		DE39AEAD2B3B5FF6002DCD77 = {
			isa = PBXGroup;
			children = (
				DE39AEB82B3B5FF6002DCD77 /* Football Tactics App */,
				DE39AEB72B3B5FF6002DCD77 /* Products */,
			);
			sourceTree = "<group>";
		};
		DE39AEB72B3B5FF6002DCD77 /* Products */ = {
			isa = PBXGroup;
			children = (
				DE39AEB62B3B5FF6002DCD77 /* Football Tactics App.app */,
			);
			name = Products;
			sourceTree = "<group>";
		};
		DE39AEB82B3B5FF6002DCD77 /* Football Tactics App */ = {
			isa = PBXGroup;
			children = (
				DE997BD72B46CF83007C0654 /* Extensions */,
				DEA676252B3C5B200060FC83 /* View */,
				DEA676242B3C5B1C0060FC83 /* Model */,
				DE39AEB92B3B5FF6002DCD77 /* AppDelegate.swift */,
				DE39AEBB2B3B5FF6002DCD77 /* SceneDelegate.swift */,
				DE39AEBF2B3B5FF6002DCD77 /* Main.storyboard */,
				DE39AEC52B3B5FF9002DCD77 /* Assets.xcassets */,
				DE39AEC72B3B5FF9002DCD77 /* LaunchScreen.storyboard */,
				DE39AECA2B3B5FF9002DCD77 /* Info.plist */,
				DE39AEC22B3B5FF6002DCD77 /* Football_Tactics_App.xcdatamodeld */,
			);
			path = "Football Tactics App";
			sourceTree = "<group>";
		};
		DE997BD72B46CF83007C0654 /* Extensions */ = {
			isa = PBXGroup;
			children = (
				DEA09B8A2B3D6E040070A374 /* SliderExtension.swift */,
				DEAC5E132B4463B000EEA1CA /* CustomLayout.swift */,
				DE997BD82B46CF92007C0654 /* Alerts.swift */,
			);
			path = Extensions;
			sourceTree = "<group>";
		};
		DEA676242B3C5B1C0060FC83 /* Model */ = {
			isa = PBXGroup;
			children = (
				DE997BD52B46CB56007C0654 /* Character.swift */,
				DE49A4C52B554F3200E63E20 /* Tactic.swift */,
			);
			path = Model;
			sourceTree = "<group>";
		};
		DEA676252B3C5B200060FC83 /* View */ = {
			isa = PBXGroup;
			children = (
				DE39AEBD2B3B5FF6002DCD77 /* MainViewController.swift */,
				DEA676222B3C5B100060FC83 /* CharacterDetailViewController.swift */,
				DE24CDE22B46D4D600AA5114 /* PitchCollectionViewCell.swift */,
				DE24CDE42B46F59800AA5114 /* CreatePitchViewController.swift */,
			);
			path = View;
			sourceTree = "<group>";
		};
/* End PBXGroup section */

/* Begin PBXNativeTarget section */
		DE39AEB52B3B5FF6002DCD77 /* Football Tactics App */ = {
			isa = PBXNativeTarget;
			buildConfigurationList = DE39AECD2B3B5FF9002DCD77 /* Build configuration list for PBXNativeTarget "Football Tactics App" */;
			buildPhases = (
				DE39AEB22B3B5FF6002DCD77 /* Sources */,
				DE39AEB32B3B5FF6002DCD77 /* Frameworks */,
				DE39AEB42B3B5FF6002DCD77 /* Resources */,
			);
			buildRules = (
			);
			dependencies = (
			);
			name = "Football Tactics App";
			productName = "Football Tactics App";
			productReference = DE39AEB62B3B5FF6002DCD77 /* Football Tactics App.app */;
			productType = "com.apple.product-type.application";
		};
/* End PBXNativeTarget section */

/* Begin PBXProject section */
		DE39AEAE2B3B5FF6002DCD77 /* Project object */ = {
			isa = PBXProject;
			attributes = {
				BuildIndependentTargetsInParallel = 1;
				LastSwiftUpdateCheck = 1510;
				LastUpgradeCheck = 1510;
				TargetAttributes = {
					DE39AEB52B3B5FF6002DCD77 = {
						CreatedOnToolsVersion = 15.1;
					};
				};
			};
			buildConfigurationList = DE39AEB12B3B5FF6002DCD77 /* Build configuration list for PBXProject "Football Tactics App" */;
			compatibilityVersion = "Xcode 14.0";
			developmentRegion = en;
			hasScannedForEncodings = 0;
			knownRegions = (
				en,
				Base,
			);
			mainGroup = DE39AEAD2B3B5FF6002DCD77;
			productRefGroup = DE39AEB72B3B5FF6002DCD77 /* Products */;
			projectDirPath = "";
			projectRoot = "";
			targets = (
				DE39AEB52B3B5FF6002DCD77 /* Football Tactics App */,
			);
		};
/* End PBXProject section */

/* Begin PBXResourcesBuildPhase section */
		DE39AEB42B3B5FF6002DCD77 /* Resources */ = {
			isa = PBXResourcesBuildPhase;
			buildActionMask = 2147483647;
			files = (
				DE39AEC92B3B5FF9002DCD77 /* LaunchScreen.storyboard in Resources */,
				DE39AEC62B3B5FF9002DCD77 /* Assets.xcassets in Resources */,
				DE39AEC12B3B5FF6002DCD77 /* Main.storyboard in Resources */,
			);
			runOnlyForDeploymentPostprocessing = 0;
		};
/* End PBXResourcesBuildPhase section */

/* Begin PBXSourcesBuildPhase section */
		DE39AEB22B3B5FF6002DCD77 /* Sources */ = {
			isa = PBXSourcesBuildPhase;
			buildActionMask = 2147483647;
			files = (
				DEA09B8B2B3D6E040070A374 /* SliderExtension.swift in Sources */,
				DE24CDE32B46D4D600AA5114 /* PitchCollectionViewCell.swift in Sources */,
				DEAC5E142B4463B000EEA1CA /* CustomLayout.swift in Sources */,
				DE24CDE52B46F59800AA5114 /* CreatePitchViewController.swift in Sources */,
				DEA676232B3C5B100060FC83 /* CharacterDetailViewController.swift in Sources */,
				DE39AEBE2B3B5FF6002DCD77 /* MainViewController.swift in Sources */,
				DE39AEBA2B3B5FF6002DCD77 /* AppDelegate.swift in Sources */,
				DE39AEC42B3B5FF6002DCD77 /* Football_Tactics_App.xcdatamodeld in Sources */,
				DE39AEBC2B3B5FF6002DCD77 /* SceneDelegate.swift in Sources */,
				DE997BD92B46CF92007C0654 /* Alerts.swift in Sources */,
				DE997BD62B46CB56007C0654 /* Character.swift in Sources */,
				DE49A4C62B554F3200E63E20 /* Tactic.swift in Sources */,
			);
			runOnlyForDeploymentPostprocessing = 0;
		};
/* End PBXSourcesBuildPhase section */

/* Begin PBXVariantGroup section */
		DE39AEBF2B3B5FF6002DCD77 /* Main.storyboard */ = {
			isa = PBXVariantGroup;
			children = (
				DE39AEC02B3B5FF6002DCD77 /* Base */,
			);
			name = Main.storyboard;
			sourceTree = "<group>";
		};
		DE39AEC72B3B5FF9002DCD77 /* LaunchScreen.storyboard */ = {
			isa = PBXVariantGroup;
			children = (
				DE39AEC82B3B5FF9002DCD77 /* Base */,
			);
			name = LaunchScreen.storyboard;
			sourceTree = "<group>";
		};
/* End PBXVariantGroup section */

/* Begin XCBuildConfiguration section */
		DE39AECB2B3B5FF9002DCD77 /* Debug */ = {
			isa = XCBuildConfiguration;
			buildSettings = {
				ALWAYS_SEARCH_USER_PATHS = NO;
				ASSETCATALOG_COMPILER_GENERATE_SWIFT_ASSET_SYMBOL_EXTENSIONS = YES;
				CLANG_ANALYZER_NONNULL = YES;
				CLANG_ANALYZER_NUMBER_OBJECT_CONVERSION = YES_AGGRESSIVE;
				CLANG_CXX_LANGUAGE_STANDARD = "gnu++20";
				CLANG_ENABLE_MODULES = YES;
				CLANG_ENABLE_OBJC_ARC = YES;
				CLANG_ENABLE_OBJC_WEAK = YES;
				CLANG_WARN_BLOCK_CAPTURE_AUTORELEASING = YES;
				CLANG_WARN_BOOL_CONVERSION = YES;
				CLANG_WARN_COMMA = YES;
				CLANG_WARN_CONSTANT_CONVERSION = YES;
				CLANG_WARN_DEPRECATED_OBJC_IMPLEMENTATIONS = YES;
				CLANG_WARN_DIRECT_OBJC_ISA_USAGE = YES_ERROR;
				CLANG_WARN_DOCUMENTATION_COMMENTS = YES;
				CLANG_WARN_EMPTY_BODY = YES;
				CLANG_WARN_ENUM_CONVERSION = YES;
				CLANG_WARN_INFINITE_RECURSION = YES;
				CLANG_WARN_INT_CONVERSION = YES;
				CLANG_WARN_NON_LITERAL_NULL_CONVERSION = YES;
				CLANG_WARN_OBJC_IMPLICIT_RETAIN_SELF = YES;
				CLANG_WARN_OBJC_LITERAL_CONVERSION = YES;
				CLANG_WARN_OBJC_ROOT_CLASS = YES_ERROR;
				CLANG_WARN_QUOTED_INCLUDE_IN_FRAMEWORK_HEADER = YES;
				CLANG_WARN_RANGE_LOOP_ANALYSIS = YES;
				CLANG_WARN_STRICT_PROTOTYPES = YES;
				CLANG_WARN_SUSPICIOUS_MOVE = YES;
				CLANG_WARN_UNGUARDED_AVAILABILITY = YES_AGGRESSIVE;
				CLANG_WARN_UNREACHABLE_CODE = YES;
				CLANG_WARN__DUPLICATE_METHOD_MATCH = YES;
				COPY_PHASE_STRIP = NO;
				DEBUG_INFORMATION_FORMAT = dwarf;
				ENABLE_STRICT_OBJC_MSGSEND = YES;
				ENABLE_TESTABILITY = YES;
				ENABLE_USER_SCRIPT_SANDBOXING = YES;
				GCC_C_LANGUAGE_STANDARD = gnu17;
				GCC_DYNAMIC_NO_PIC = NO;
				GCC_NO_COMMON_BLOCKS = YES;
				GCC_OPTIMIZATION_LEVEL = 0;
				GCC_PREPROCESSOR_DEFINITIONS = (
					"DEBUG=1",
					"$(inherited)",
				);
				GCC_WARN_64_TO_32_BIT_CONVERSION = YES;
				GCC_WARN_ABOUT_RETURN_TYPE = YES_ERROR;
				GCC_WARN_UNDECLARED_SELECTOR = YES;
				GCC_WARN_UNINITIALIZED_AUTOS = YES_AGGRESSIVE;
				GCC_WARN_UNUSED_FUNCTION = YES;
				GCC_WARN_UNUSED_VARIABLE = YES;
				IPHONEOS_DEPLOYMENT_TARGET = 17.2;
				LOCALIZATION_PREFERS_STRING_CATALOGS = YES;
				MTL_ENABLE_DEBUG_INFO = INCLUDE_SOURCE;
				MTL_FAST_MATH = YES;
				ONLY_ACTIVE_ARCH = YES;
				SDKROOT = iphoneos;
				SWIFT_ACTIVE_COMPILATION_CONDITIONS = "DEBUG $(inherited)";
				SWIFT_OPTIMIZATION_LEVEL = "-Onone";
			};
			name = Debug;
		};
		DE39AECC2B3B5FF9002DCD77 /* Release */ = {
			isa = XCBuildConfiguration;
			buildSettings = {
				ALWAYS_SEARCH_USER_PATHS = NO;
				ASSETCATALOG_COMPILER_GENERATE_SWIFT_ASSET_SYMBOL_EXTENSIONS = YES;
				CLANG_ANALYZER_NONNULL = YES;
				CLANG_ANALYZER_NUMBER_OBJECT_CONVERSION = YES_AGGRESSIVE;
				CLANG_CXX_LANGUAGE_STANDARD = "gnu++20";
				CLANG_ENABLE_MODULES = YES;
				CLANG_ENABLE_OBJC_ARC = YES;
				CLANG_ENABLE_OBJC_WEAK = YES;
				CLANG_WARN_BLOCK_CAPTURE_AUTORELEASING = YES;
				CLANG_WARN_BOOL_CONVERSION = YES;
				CLANG_WARN_COMMA = YES;
				CLANG_WARN_CONSTANT_CONVERSION = YES;
				CLANG_WARN_DEPRECATED_OBJC_IMPLEMENTATIONS = YES;
				CLANG_WARN_DIRECT_OBJC_ISA_USAGE = YES_ERROR;
				CLANG_WARN_DOCUMENTATION_COMMENTS = YES;
				CLANG_WARN_EMPTY_BODY = YES;
				CLANG_WARN_ENUM_CONVERSION = YES;
				CLANG_WARN_INFINITE_RECURSION = YES;
				CLANG_WARN_INT_CONVERSION = YES;
				CLANG_WARN_NON_LITERAL_NULL_CONVERSION = YES;
				CLANG_WARN_OBJC_IMPLICIT_RETAIN_SELF = YES;
				CLANG_WARN_OBJC_LITERAL_CONVERSION = YES;
				CLANG_WARN_OBJC_ROOT_CLASS = YES_ERROR;
				CLANG_WARN_QUOTED_INCLUDE_IN_FRAMEWORK_HEADER = YES;
				CLANG_WARN_RANGE_LOOP_ANALYSIS = YES;
				CLANG_WARN_STRICT_PROTOTYPES = YES;
				CLANG_WARN_SUSPICIOUS_MOVE = YES;
				CLANG_WARN_UNGUARDED_AVAILABILITY = YES_AGGRESSIVE;
				CLANG_WARN_UNREACHABLE_CODE = YES;
				CLANG_WARN__DUPLICATE_METHOD_MATCH = YES;
				COPY_PHASE_STRIP = NO;
				DEBUG_INFORMATION_FORMAT = "dwarf-with-dsym";
				ENABLE_NS_ASSERTIONS = NO;
				ENABLE_STRICT_OBJC_MSGSEND = YES;
				ENABLE_USER_SCRIPT_SANDBOXING = YES;
				GCC_C_LANGUAGE_STANDARD = gnu17;
				GCC_NO_COMMON_BLOCKS = YES;
				GCC_WARN_64_TO_32_BIT_CONVERSION = YES;
				GCC_WARN_ABOUT_RETURN_TYPE = YES_ERROR;
				GCC_WARN_UNDECLARED_SELECTOR = YES;
				GCC_WARN_UNINITIALIZED_AUTOS = YES_AGGRESSIVE;
				GCC_WARN_UNUSED_FUNCTION = YES;
				GCC_WARN_UNUSED_VARIABLE = YES;
				IPHONEOS_DEPLOYMENT_TARGET = 17.2;
				LOCALIZATION_PREFERS_STRING_CATALOGS = YES;
				MTL_ENABLE_DEBUG_INFO = NO;
				MTL_FAST_MATH = YES;
				SDKROOT = iphoneos;
				SWIFT_COMPILATION_MODE = wholemodule;
				VALIDATE_PRODUCT = YES;
			};
			name = Release;
		};
		DE39AECE2B3B5FF9002DCD77 /* Debug */ = {
			isa = XCBuildConfiguration;
			buildSettings = {
				ASSETCATALOG_COMPILER_APPICON_NAME = AppIcon;
				ASSETCATALOG_COMPILER_GLOBAL_ACCENT_COLOR_NAME = AccentColor;
				CODE_SIGN_STYLE = Automatic;
				CURRENT_PROJECT_VERSION = 1;
				DEVELOPMENT_TEAM = ZY98G8GQD4;
				GENERATE_INFOPLIST_FILE = YES;
				INFOPLIST_FILE = "Football Tactics App/Info.plist";
				INFOPLIST_KEY_UIApplicationSupportsIndirectInputEvents = YES;
				INFOPLIST_KEY_UILaunchStoryboardName = LaunchScreen;
				INFOPLIST_KEY_UIMainStoryboardFile = Main;
				INFOPLIST_KEY_UISupportedInterfaceOrientations_iPad = "UIInterfaceOrientationPortrait UIInterfaceOrientationPortraitUpsideDown UIInterfaceOrientationLandscapeLeft UIInterfaceOrientationLandscapeRight";
				INFOPLIST_KEY_UISupportedInterfaceOrientations_iPhone = "UIInterfaceOrientationPortrait UIInterfaceOrientationLandscapeLeft UIInterfaceOrientationLandscapeRight";
				IPHONEOS_DEPLOYMENT_TARGET = 16.0;
				LD_RUNPATH_SEARCH_PATHS = (
					"$(inherited)",
					"@executable_path/Frameworks",
				);
				MARKETING_VERSION = 1.0;
				PRODUCT_BUNDLE_IDENTIFIER = "com.erkancosar.Football-Tactics-App";
				PRODUCT_NAME = "$(TARGET_NAME)";
				SWIFT_EMIT_LOC_STRINGS = YES;
				SWIFT_VERSION = 5.0;
				TARGETED_DEVICE_FAMILY = "1,2";
			};
			name = Debug;
		};
		DE39AECF2B3B5FF9002DCD77 /* Release */ = {
			isa = XCBuildConfiguration;
			buildSettings = {
				ASSETCATALOG_COMPILER_APPICON_NAME = AppIcon;
				ASSETCATALOG_COMPILER_GLOBAL_ACCENT_COLOR_NAME = AccentColor;
				CODE_SIGN_STYLE = Automatic;
				CURRENT_PROJECT_VERSION = 1;
				DEVELOPMENT_TEAM = ZY98G8GQD4;
				GENERATE_INFOPLIST_FILE = YES;
				INFOPLIST_FILE = "Football Tactics App/Info.plist";
				INFOPLIST_KEY_UIApplicationSupportsIndirectInputEvents = YES;
				INFOPLIST_KEY_UILaunchStoryboardName = LaunchScreen;
				INFOPLIST_KEY_UIMainStoryboardFile = Main;
				INFOPLIST_KEY_UISupportedInterfaceOrientations_iPad = "UIInterfaceOrientationPortrait UIInterfaceOrientationPortraitUpsideDown UIInterfaceOrientationLandscapeLeft UIInterfaceOrientationLandscapeRight";
				INFOPLIST_KEY_UISupportedInterfaceOrientations_iPhone = "UIInterfaceOrientationPortrait UIInterfaceOrientationLandscapeLeft UIInterfaceOrientationLandscapeRight";
				IPHONEOS_DEPLOYMENT_TARGET = 16.0;
				LD_RUNPATH_SEARCH_PATHS = (
					"$(inherited)",
					"@executable_path/Frameworks",
				);
				MARKETING_VERSION = 1.0;
				PRODUCT_BUNDLE_IDENTIFIER = "com.erkancosar.Football-Tactics-App";
				PRODUCT_NAME = "$(TARGET_NAME)";
				SWIFT_EMIT_LOC_STRINGS = YES;
				SWIFT_VERSION = 5.0;
				TARGETED_DEVICE_FAMILY = "1,2";
			};
			name = Release;
		};
/* End XCBuildConfiguration section */

/* Begin XCConfigurationList section */
		DE39AEB12B3B5FF6002DCD77 /* Build configuration list for PBXProject "Football Tactics App" */ = {
			isa = XCConfigurationList;
			buildConfigurations = (
				DE39AECB2B3B5FF9002DCD77 /* Debug */,
				DE39AECC2B3B5FF9002DCD77 /* Release */,
			);
			defaultConfigurationIsVisible = 0;
			defaultConfigurationName = Release;
		};
		DE39AECD2B3B5FF9002DCD77 /* Build configuration list for PBXNativeTarget "Football Tactics App" */ = {
			isa = XCConfigurationList;
			buildConfigurations = (
				DE39AECE2B3B5FF9002DCD77 /* Debug */,
				DE39AECF2B3B5FF9002DCD77 /* Release */,
			);
			defaultConfigurationIsVisible = 0;
			defaultConfigurationName = Release;
		};
/* End XCConfigurationList section */

/* Begin XCVersionGroup section */
		DE39AEC22B3B5FF6002DCD77 /* Football_Tactics_App.xcdatamodeld */ = {
			isa = XCVersionGroup;
			children = (
				DE39AEC32B3B5FF6002DCD77 /* Football_Tactics_App.xcdatamodel */,
			);
			currentVersion = DE39AEC32B3B5FF6002DCD77 /* Football_Tactics_App.xcdatamodel */;
			path = Football_Tactics_App.xcdatamodeld;
			sourceTree = "<group>";
			versionGroupType = wrapper.xcdatamodel;
		};
/* End XCVersionGroup section */
	};
	rootObject = DE39AEAE2B3B5FF6002DCD77 /* Project object */;
}
